
Microsoft Visual Studio Solution File, Format Version 12.00
# Visual Studio Version 17
VisualStudioVersion = 17.4.33213.308
MinimumVisualStudioVersion = 10.0.40219.1
Project("{FAE04EC0-301F-11D3-BF4B-00C04F79EFBC}") = "AppSearchCep.Android", "AppSearchCep.Android\AppSearchCep.Android.csproj", "{DD55DFB0-94C8-4644-899B-C2D3AE58703F}"
EndProject
Project("{FAE04EC0-301F-11D3-BF4B-00C04F79EFBC}") = "AppSearchCep", "AppSearchCep\AppSearchCep.csproj", "{CE3906AE-5D6E-4FFA-BD5D-0081102C096B}"
EndProject
Global
	GlobalSection(SolutionConfigurationPlatforms) = preSolution
		Debug|Any CPU = Debug|Any CPU
		Release|Any CPU = Release|Any CPU
	EndGlobalSection
	GlobalSection(ProjectConfigurationPlatforms) = postSolution
		{DD55DFB0-94C8-4644-899B-C2D3AE58703F}.Debug|Any CPU.ActiveCfg = Debug|Any CPU
		{DD55DFB0-94C8-4644-899B-C2D3AE58703F}.Debug|Any CPU.Build.0 = Debug|Any CPU
		{DD55DFB0-94C8-4644-899B-C2D3AE58703F}.Debug|Any CPU.Deploy.0 = Debug|Any CPU
		{DD55DFB0-94C8-4644-899B-C2D3AE58703F}.Release|Any CPU.ActiveCfg = Release|Any CPU
		{DD55DFB0-94C8-4644-899B-C2D3AE58703F}.Release|Any CPU.Build.0 = Release|Any CPU
		{DD55DFB0-94C8-4644-899B-C2D3AE58703F}.Release|Any CPU.Deploy.0 = Release|Any CPU
		{CE3906AE-5D6E-4FFA-BD5D-0081102C096B}.Debug|Any CPU.ActiveCfg = Debug|Any CPU
		{CE3906AE-5D6E-4FFA-BD5D-0081102C096B}.Debug|Any CPU.Build.0 = Debug|Any CPU
		{CE3906AE-5D6E-4FFA-BD5D-0081102C096B}.Debug|Any CPU.Deploy.0 = Debug|Any CPU
		{CE3906AE-5D6E-4FFA-BD5D-0081102C096B}.Release|Any CPU.ActiveCfg = Release|Any CPU
		{CE3906AE-5D6E-4FFA-BD5D-0081102C096B}.Release|Any CPU.Build.0 = Release|Any CPU
		{CE3906AE-5D6E-4FFA-BD5D-0081102C096B}.Release|Any CPU.Deploy.0 = Release|Any CPU
	EndGlobalSection
	GlobalSection(SolutionProperties) = preSolution
		HideSolutionNode = FALSE
	EndGlobalSection
	GlobalSection(ExtensibilityGlobals) = postSolution
		SolutionGuid = {5185A806-9D69-458B-9E99-AA8B9D269602}
	EndGlobalSection
EndGlobal
